
Microsoft Visual Studio Solution File, Format Version 12.00
# Visual Studio 15
VisualStudioVersion = 15.0.28307.1062
MinimumVisualStudioVersion = 10.0.40219.1
Project("{FAE04EC0-301F-11D3-BF4B-00C04F79EFBC}") = "LinearEquationTests", "LinearEquationTests\LinearEquationTests.csproj", "{AA9192DC-F007-4F01-A529-676329BC5513}"
EndProject
Project("{FAE04EC0-301F-11D3-BF4B-00C04F79EFBC}") = "StringFormatterTests", "StringFormatterTests\StringFormatterTests.csproj", "{E1ABF539-3FE6-49DF-AC1F-9E6F718129BC}"
EndProject
Project("{FAE04EC0-301F-11D3-BF4B-00C04F79EFBC}") = "ArrayProcessorTests", "ArrayProcessorTests\ArrayProcessorTests.csproj", "{CCD63752-53E3-4D56-8FF9-F0A80FEA9067}"
EndProject
Project("{FAE04EC0-301F-11D3-BF4B-00C04F79EFBC}") = "LinearEquation", "LinearEquation\LinearEquation.csproj", "{6548D543-A833-4126-AE36-9A86BC109366}"
EndProject
Project("{FAE04EC0-301F-11D3-BF4B-00C04F79EFBC}") = "StringFormatterApp", "StringFormatterApp\StringFormatterApp.csproj", "{587B00E6-C0E6-4A2B-BC60-A78D7940514C}"
EndProject
Project("{FAE04EC0-301F-11D3-BF4B-00C04F79EFBC}") = "ArrayProcessorApp", "ArrayProcessorApp\ArrayProcessorApp.csproj", "{86E6AAD4-022D-4937-AB8A-AF3E781F2B52}"
EndProject
Global
	GlobalSection(SolutionConfigurationPlatforms) = preSolution
		Debug|Any CPU = Debug|Any CPU
		Release|Any CPU = Release|Any CPU
	EndGlobalSection
	GlobalSection(ProjectConfigurationPlatforms) = postSolution
		{AA9192DC-F007-4F01-A529-676329BC5513}.Debug|Any CPU.ActiveCfg = Debug|Any CPU
		{AA9192DC-F007-4F01-A529-676329BC5513}.Debug|Any CPU.Build.0 = Debug|Any CPU
		{AA9192DC-F007-4F01-A529-676329BC5513}.Release|Any CPU.ActiveCfg = Release|Any CPU
		{AA9192DC-F007-4F01-A529-676329BC5513}.Release|Any CPU.Build.0 = Release|Any CPU
		{E1ABF539-3FE6-49DF-AC1F-9E6F718129BC}.Debug|Any CPU.ActiveCfg = Debug|Any CPU
		{E1ABF539-3FE6-49DF-AC1F-9E6F718129BC}.Debug|Any CPU.Build.0 = Debug|Any CPU
		{E1ABF539-3FE6-49DF-AC1F-9E6F718129BC}.Release|Any CPU.ActiveCfg = Release|Any CPU
		{E1ABF539-3FE6-49DF-AC1F-9E6F718129BC}.Release|Any CPU.Build.0 = Release|Any CPU
		{CCD63752-53E3-4D56-8FF9-F0A80FEA9067}.Debug|Any CPU.ActiveCfg = Debug|Any CPU
		{CCD63752-53E3-4D56-8FF9-F0A80FEA9067}.Debug|Any CPU.Build.0 = Debug|Any CPU
		{CCD63752-53E3-4D56-8FF9-F0A80FEA9067}.Release|Any CPU.ActiveCfg = Release|Any CPU
		{CCD63752-53E3-4D56-8FF9-F0A80FEA9067}.Release|Any CPU.Build.0 = Release|Any CPU
		{6548D543-A833-4126-AE36-9A86BC109366}.Debug|Any CPU.ActiveCfg = Debug|Any CPU
		{6548D543-A833-4126-AE36-9A86BC109366}.Debug|Any CPU.Build.0 = Debug|Any CPU
		{6548D543-A833-4126-AE36-9A86BC109366}.Release|Any CPU.ActiveCfg = Release|Any CPU
		{6548D543-A833-4126-AE36-9A86BC109366}.Release|Any CPU.Build.0 = Release|Any CPU
		{587B00E6-C0E6-4A2B-BC60-A78D7940514C}.Debug|Any CPU.ActiveCfg = Debug|Any CPU
		{587B00E6-C0E6-4A2B-BC60-A78D7940514C}.Debug|Any CPU.Build.0 = Debug|Any CPU
		{587B00E6-C0E6-4A2B-BC60-A78D7940514C}.Release|Any CPU.ActiveCfg = Release|Any CPU
		{587B00E6-C0E6-4A2B-BC60-A78D7940514C}.Release|Any CPU.Build.0 = Release|Any CPU
		{86E6AAD4-022D-4937-AB8A-AF3E781F2B52}.Debug|Any CPU.ActiveCfg = Debug|Any CPU
		{86E6AAD4-022D-4937-AB8A-AF3E781F2B52}.Debug|Any CPU.Build.0 = Debug|Any CPU
		{86E6AAD4-022D-4937-AB8A-AF3E781F2B52}.Release|Any CPU.ActiveCfg = Release|Any CPU
		{86E6AAD4-022D-4937-AB8A-AF3E781F2B52}.Release|Any CPU.Build.0 = Release|Any CPU
	EndGlobalSection
	GlobalSection(SolutionProperties) = preSolution
		HideSolutionNode = FALSE
	EndGlobalSection
	GlobalSection(ExtensibilityGlobals) = postSolution
		SolutionGuid = {23BDEBD2-5F9F-4F6C-874E-67D746625944}
	EndGlobalSection
EndGlobal
